# This file is automatically @generated by Cargo.
# It is not intended for manual editing.
version = 3

[[package]]
name = "ansi_term"
version = "0.11.0"
source = "registry+https://github.com/rust-lang/crates.io-index"
checksum = "ee49baf6cb617b853aa8d93bf420db2383fab46d314482ca2803b40d5fde979b"
dependencies = [
 "winapi",
]

[[package]]
name = "atty"
version = "0.2.8"
source = "registry+https://github.com/rust-lang/crates.io-index"
checksum = "af80143d6f7608d746df1520709e5d141c96f240b0e62b0aa41bdfb53374d9d4"
dependencies = [
 "libc",
 "termion",
 "winapi",
]

[[package]]
name = "bit-set"
version = "0.2.0"
source = "registry+https://github.com/rust-lang/crates.io-index"
checksum = "e6e1e6fb1c9e3d6fcdec57216a74eaa03e41f52a22f13a16438251d8e88b89da"
dependencies = [
 "bit-vec",
]

[[package]]
name = "bit-vec"
version = "0.4.4"
source = "registry+https://github.com/rust-lang/crates.io-index"
checksum = "02b4ff8b16e6076c3e14220b39fbc1fabb6737522281a388998046859400895f"

[[package]]
name = "bitflags"
version = "1.0.1"
source = "registry+https://github.com/rust-lang/crates.io-index"
checksum = "b3c30d3802dfb7281680d6285f2ccdaa8c2d8fee41f93805dba5c4cf50dc23cf"

[[package]]
name = "clap"
version = "2.31.1"
source = "registry+https://github.com/rust-lang/crates.io-index"
checksum = "5dc18f6f4005132120d9711636b32c46a233fad94df6217fa1d81c5e97a9f200"
dependencies = [
 "ansi_term",
 "atty",
 "bitflags",
 "strsim",
 "textwrap",
 "unicode-width",
 "vec_map",
]

[[package]]
name = "libc"
version = "0.2.39"
source = "registry+https://github.com/rust-lang/crates.io-index"
checksum = "f54263ad99207254cf58b5f701ecb432c717445ea2ee8af387334bdd1a03fdff"

[[package]]
name = "libusb"
version = "0.3.0"
source = "registry+https://github.com/rust-lang/crates.io-index"
checksum = "5f990ddd929cbe53de4ecd6cf26e1f4e0c5b9796e4c629d9046570b03738aa53"
dependencies = [
 "bit-set",
 "libc",
 "libusb-sys",
]

[[package]]
name = "libusb-sys"
version = "0.2.3"
source = "registry+https://github.com/rust-lang/crates.io-index"
checksum = "4c53b6582563d64ad3e692f54ef95239c3ea8069e82c9eb70ca948869a7ad767"
dependencies = [
 "libc",
 "pkg-config",
]

[[package]]
name = "netdmx"
version = "0.1.0"
dependencies = [
 "clap",
 "libusb",
]

[[package]]
name = "pkg-config"
version = "0.3.9"
source = "registry+https://github.com/rust-lang/crates.io-index"
checksum = "3a8b4c6b8165cd1a1cd4b9b120978131389f64bdaf456435caa41e630edba903"

[[package]]
name = "redox_syscall"
version = "0.1.37"
source = "registry+https://github.com/rust-lang/crates.io-index"
checksum = "0d92eecebad22b767915e4d529f89f28ee96dbbf5a4810d2b844373f136417fd"

[[package]]
name = "redox_termios"
version = "0.1.1"
source = "registry+https://github.com/rust-lang/crates.io-index"
checksum = "7e891cfe48e9100a70a3b6eb652fef28920c117d366339687bd5576160db0f76"
dependencies = [
 "redox_syscall",
]

[[package]]
name = "strsim"
version = "0.7.0"
source = "registry+https://github.com/rust-lang/crates.io-index"
checksum = "bb4f380125926a99e52bc279241539c018323fab05ad6368b56f93d9369ff550"

[[package]]
name = "termion"
version = "1.5.1"
source = "registry+https://github.com/rust-lang/crates.io-index"
checksum = "689a3bdfaab439fd92bc87df5c4c78417d3cbe537487274e9b0b2dce76e92096"
dependencies = [
 "libc",
 "redox_syscall",
 "redox_termios",
]

[[package]]
name = "textwrap"
version = "0.9.0"
source = "registry+https://github.com/rust-lang/crates.io-index"
checksum = "c0b59b6b4b44d867f1370ef1bd91bfb262bf07bf0ae65c202ea2fbc16153b693"
dependencies = [
 "unicode-width",
]

[[package]]
name = "unicode-width"
version = "0.1.4"
source = "registry+https://github.com/rust-lang/crates.io-index"
checksum = "bf3a113775714a22dcb774d8ea3655c53a32debae63a063acc00a91cc586245f"

[[package]]
name = "vec_map"
version = "0.8.0"
source = "registry+https://github.com/rust-lang/crates.io-index"
checksum = "887b5b631c2ad01628bbbaa7dd4c869f80d3186688f8d0b6f58774fbe324988c"

[[package]]
name = "winapi"
version = "0.3.4"
source = "registry+https://github.com/rust-lang/crates.io-index"
checksum = "04e3bd221fcbe8a271359c04f21a76db7d0c6028862d1bb5512d85e1e2eb5bb3"
dependencies = [
 "winapi-i686-pc-windows-gnu",
 "winapi-x86_64-pc-windows-gnu",
]

[[package]]
name = "winapi-i686-pc-windows-gnu"
version = "0.4.0"
source = "registry+https://github.com/rust-lang/crates.io-index"
checksum = "ac3b87c63620426dd9b991e5ce0329eff545bccbbb34f3be09ff6fb6ab51b7b6"

[[package]]
name = "winapi-x86_64-pc-windows-gnu"
version = "0.4.0"
source = "registry+https://github.com/rust-lang/crates.io-index"
checksum = "712e227841d057c1ee1cd2fb22fa7e5a5461ae8e48fa2ca79ec42cfc1931183f"
